// !$*UTF8*$!
{
	archiveVersion = 1;
	classes = {
	};
	objectVersion = 46;
	objects = {

/* Begin PBXBuildFile section */
		2F3278C99D76E738AC08D381 /* libPods-QiniuDownloadSDK-OSX.a in Frameworks */ = {isa = PBXBuildFile; fileRef = 5C90540F10FE1A810EA5A737 /* libPods-QiniuDownloadSDK-OSX.a */; };
		3A19A70838DDE115FFA5E8A1 /* libPods-QiniuDownloadSDKTests.a in Frameworks */ = {isa = PBXBuildFile; fileRef = ECB2046E96438B5541F6369C /* libPods-QiniuDownloadSDKTests.a */; };
		9B57FA16F218392BF7EFA0FE /* libPods-QiniuDownloadSDK-OSXTests.a in Frameworks */ = {isa = PBXBuildFile; fileRef = F8557EDA611A5FEC44A1EEFD /* libPods-QiniuDownloadSDK-OSXTests.a */; };
		BAD6BEED1BD4EC5600370C48 /* QiniuDownloadSDKTests.m in Sources */ = {isa = PBXBuildFile; fileRef = BAF8E8F41BD4DDE400F63299 /* QiniuDownloadSDKTests.m */; };
		BAF8E8F51BD4DDE400F63299 /* QiniuDownloadSDKTests.m in Sources */ = {isa = PBXBuildFile; fileRef = BAF8E8F41BD4DDE400F63299 /* QiniuDownloadSDKTests.m */; };
		BAF8E8F71BD4DDE400F63299 /* libQiniuDownloadSDK.a in Frameworks */ = {isa = PBXBuildFile; fileRef = BAF8E8E21BD4DD9A00F63299 /* libQiniuDownloadSDK.a */; settings = {ASSET_TAGS = (); }; };
		BAF8E9131BD4DE2000F63299 /* libQiniuDownloadSDK-OSX.dylib in Frameworks */ = {isa = PBXBuildFile; fileRef = BAF8E9011BD4DE0C00F63299 /* libQiniuDownloadSDK-OSX.dylib */; settings = {ASSET_TAGS = (); }; };
		BAF8E9271BD4DEAE00F63299 /* QNAsyncRun.h in Headers */ = {isa = PBXBuildFile; fileRef = BAF8E91D1BD4DEAE00F63299 /* QNAsyncRun.h */; settings = {ASSET_TAGS = (); }; };
		BAF8E9281BD4DEAE00F63299 /* QNAsyncRun.m in Sources */ = {isa = PBXBuildFile; fileRef = BAF8E91E1BD4DEAE00F63299 /* QNAsyncRun.m */; settings = {ASSET_TAGS = (); }; };
		BAF8E9291BD4DEAE00F63299 /* QNAsyncRun.m in Sources */ = {isa = PBXBuildFile; fileRef = BAF8E91E1BD4DEAE00F63299 /* QNAsyncRun.m */; settings = {ASSET_TAGS = (); }; };
		BAF8E92A1BD4DEAE00F63299 /* QNDownloadTask.h in Headers */ = {isa = PBXBuildFile; fileRef = BAF8E91F1BD4DEAE00F63299 /* QNDownloadTask.h */; settings = {ASSET_TAGS = (); }; };
		BAF8E92B1BD4DEAE00F63299 /* QNDownloadTask.m in Sources */ = {isa = PBXBuildFile; fileRef = BAF8E9201BD4DEAE00F63299 /* QNDownloadTask.m */; settings = {ASSET_TAGS = (); }; };
		BAF8E92C1BD4DEAE00F63299 /* QNDownloadTask.m in Sources */ = {isa = PBXBuildFile; fileRef = BAF8E9201BD4DEAE00F63299 /* QNDownloadTask.m */; settings = {ASSET_TAGS = (); }; };
		BAF8E92D1BD4DEAE00F63299 /* QNStats.h in Headers */ = {isa = PBXBuildFile; fileRef = BAF8E9211BD4DEAE00F63299 /* QNStats.h */; settings = {ASSET_TAGS = (); }; };
		BAF8E92E1BD4DEAE00F63299 /* QNDownloadManager.h in Headers */ = {isa = PBXBuildFile; fileRef = BAF8E9221BD4DEAE00F63299 /* QNDownloadManager.h */; settings = {ASSET_TAGS = (); }; };
		BAF8E92F1BD4DEAE00F63299 /* QNStats.m in Sources */ = {isa = PBXBuildFile; fileRef = BAF8E9231BD4DEAE00F63299 /* QNStats.m */; settings = {ASSET_TAGS = (); }; };
		BAF8E9301BD4DEAE00F63299 /* QNStats.m in Sources */ = {isa = PBXBuildFile; fileRef = BAF8E9231BD4DEAE00F63299 /* QNStats.m */; settings = {ASSET_TAGS = (); }; };
		BAF8E9311BD4DEAE00F63299 /* QNConfig.h in Headers */ = {isa = PBXBuildFile; fileRef = BAF8E9241BD4DEAE00F63299 /* QNConfig.h */; settings = {ASSET_TAGS = (); }; };
		BAF8E9321BD4DEAE00F63299 /* QNConfig.m in Sources */ = {isa = PBXBuildFile; fileRef = BAF8E9251BD4DEAE00F63299 /* QNConfig.m */; settings = {ASSET_TAGS = (); }; };
		BAF8E9331BD4DEAE00F63299 /* QNConfig.m in Sources */ = {isa = PBXBuildFile; fileRef = BAF8E9251BD4DEAE00F63299 /* QNConfig.m */; settings = {ASSET_TAGS = (); }; };
		BAF8E9341BD4DEAE00F63299 /* QNDownloadManager.m in Sources */ = {isa = PBXBuildFile; fileRef = BAF8E9261BD4DEAE00F63299 /* QNDownloadManager.m */; settings = {ASSET_TAGS = (); }; };
		BAF8E9351BD4DEAE00F63299 /* QNDownloadManager.m in Sources */ = {isa = PBXBuildFile; fileRef = BAF8E9261BD4DEAE00F63299 /* QNDownloadManager.m */; settings = {ASSET_TAGS = (); }; };
		BF187DC55647EFFB6FDA1567 /* libPods-QiniuDownloadSDK.a in Frameworks */ = {isa = PBXBuildFile; fileRef = 3EAC2585A983350749BF0F2C /* libPods-QiniuDownloadSDK.a */; };
/* End PBXBuildFile section */

/* Begin PBXContainerItemProxy section */
		BAF8E8F81BD4DDE400F63299 /* PBXContainerItemProxy */ = {
			isa = PBXContainerItemProxy;
			containerPortal = BAF8E8DA1BD4DD9A00F63299 /* Project object */;
			proxyType = 1;
			remoteGlobalIDString = BAF8E8E11BD4DD9A00F63299;
			remoteInfo = QiniuDownloadSDK;
		};
		BAF8E9141BD4DE2000F63299 /* PBXContainerItemProxy */ = {
			isa = PBXContainerItemProxy;
			containerPortal = BAF8E8DA1BD4DD9A00F63299 /* Project object */;
			proxyType = 1;
			remoteGlobalIDString = BAF8E9001BD4DE0C00F63299;
			remoteInfo = "QiniuDownloadSDK-OSX";
		};
/* End PBXContainerItemProxy section */

/* Begin PBXCopyFilesBuildPhase section */
		BAF8E8E01BD4DD9A00F63299 /* CopyFiles */ = {
			isa = PBXCopyFilesBuildPhase;
			buildActionMask = 2147483647;
			dstPath = "include/$(PRODUCT_NAME)";
			dstSubfolderSpec = 16;
			files = (
			);
			runOnlyForDeploymentPostprocessing = 0;
		};
/* End PBXCopyFilesBuildPhase section */

/* Begin PBXFileReference section */
		06A65219A9113B4A57F53083 /* Pods-QiniuDownloadSDK.debug.xcconfig */ = {isa = PBXFileReference; includeInIndex = 1; lastKnownFileType = text.xcconfig; name = "Pods-QiniuDownloadSDK.debug.xcconfig"; path = "Pods/Target Support Files/Pods-QiniuDownloadSDK/Pods-QiniuDownloadSDK.debug.xcconfig"; sourceTree = "<group>"; };
		3EAC2585A983350749BF0F2C /* libPods-QiniuDownloadSDK.a */ = {isa = PBXFileReference; explicitFileType = archive.ar; includeInIndex = 0; path = "libPods-QiniuDownloadSDK.a"; sourceTree = BUILT_PRODUCTS_DIR; };
		5C90540F10FE1A810EA5A737 /* libPods-QiniuDownloadSDK-OSX.a */ = {isa = PBXFileReference; explicitFileType = archive.ar; includeInIndex = 0; path = "libPods-QiniuDownloadSDK-OSX.a"; sourceTree = BUILT_PRODUCTS_DIR; };
		607448C099777063F81EE418 /* Pods-QiniuDownloadSDKTests.release.xcconfig */ = {isa = PBXFileReference; includeInIndex = 1; lastKnownFileType = text.xcconfig; name = "Pods-QiniuDownloadSDKTests.release.xcconfig"; path = "Pods/Target Support Files/Pods-QiniuDownloadSDKTests/Pods-QiniuDownloadSDKTests.release.xcconfig"; sourceTree = "<group>"; };
		7E9494AD1FB8EC51AB1E4850 /* Pods-QiniuDownloadSDK-OSX.release.xcconfig */ = {isa = PBXFileReference; includeInIndex = 1; lastKnownFileType = text.xcconfig; name = "Pods-QiniuDownloadSDK-OSX.release.xcconfig"; path = "Pods/Target Support Files/Pods-QiniuDownloadSDK-OSX/Pods-QiniuDownloadSDK-OSX.release.xcconfig"; sourceTree = "<group>"; };
		8EB66AD9CD931F49EBD4563D /* Pods-QiniuDownloadSDK-OSXTests.release.xcconfig */ = {isa = PBXFileReference; includeInIndex = 1; lastKnownFileType = text.xcconfig; name = "Pods-QiniuDownloadSDK-OSXTests.release.xcconfig"; path = "Pods/Target Support Files/Pods-QiniuDownloadSDK-OSXTests/Pods-QiniuDownloadSDK-OSXTests.release.xcconfig"; sourceTree = "<group>"; };
		935913027F332B0DD9FD7B3B /* Pods-QiniuDownloadSDK.release.xcconfig */ = {isa = PBXFileReference; includeInIndex = 1; lastKnownFileType = text.xcconfig; name = "Pods-QiniuDownloadSDK.release.xcconfig"; path = "Pods/Target Support Files/Pods-QiniuDownloadSDK/Pods-QiniuDownloadSDK.release.xcconfig"; sourceTree = "<group>"; };
		9DEFC1D5C1C7AEB01EE66310 /* Pods-QiniuDownloadSDKTests.debug.xcconfig */ = {isa = PBXFileReference; includeInIndex = 1; lastKnownFileType = text.xcconfig; name = "Pods-QiniuDownloadSDKTests.debug.xcconfig"; path = "Pods/Target Support Files/Pods-QiniuDownloadSDKTests/Pods-QiniuDownloadSDKTests.debug.xcconfig"; sourceTree = "<group>"; };
		BAF8E8E21BD4DD9A00F63299 /* libQiniuDownloadSDK.a */ = {isa = PBXFileReference; explicitFileType = archive.ar; includeInIndex = 0; path = libQiniuDownloadSDK.a; sourceTree = BUILT_PRODUCTS_DIR; };
		BAF8E8F21BD4DDE400F63299 /* QiniuDownloadSDKTests.xctest */ = {isa = PBXFileReference; explicitFileType = wrapper.cfbundle; includeInIndex = 0; path = QiniuDownloadSDKTests.xctest; sourceTree = BUILT_PRODUCTS_DIR; };
		BAF8E8F41BD4DDE400F63299 /* QiniuDownloadSDKTests.m */ = {isa = PBXFileReference; lastKnownFileType = sourcecode.c.objc; path = QiniuDownloadSDKTests.m; sourceTree = "<group>"; };
		BAF8E8F61BD4DDE400F63299 /* Info.plist */ = {isa = PBXFileReference; lastKnownFileType = text.plist.xml; path = Info.plist; sourceTree = "<group>"; };
		BAF8E9011BD4DE0C00F63299 /* libQiniuDownloadSDK-OSX.dylib */ = {isa = PBXFileReference; explicitFileType = "compiled.mach-o.dylib"; includeInIndex = 0; path = "libQiniuDownloadSDK-OSX.dylib"; sourceTree = BUILT_PRODUCTS_DIR; };
		BAF8E90E1BD4DE2000F63299 /* QiniuDownloadSDK-OSXTests.xctest */ = {isa = PBXFileReference; explicitFileType = wrapper.cfbundle; includeInIndex = 0; path = "QiniuDownloadSDK-OSXTests.xctest"; sourceTree = BUILT_PRODUCTS_DIR; };
		BAF8E91D1BD4DEAE00F63299 /* QNAsyncRun.h */ = {isa = PBXFileReference; fileEncoding = 4; lastKnownFileType = sourcecode.c.h; path = QNAsyncRun.h; sourceTree = "<group>"; };
		BAF8E91E1BD4DEAE00F63299 /* QNAsyncRun.m */ = {isa = PBXFileReference; fileEncoding = 4; lastKnownFileType = sourcecode.c.objc; path = QNAsyncRun.m; sourceTree = "<group>"; };
		BAF8E91F1BD4DEAE00F63299 /* QNDownloadTask.h */ = {isa = PBXFileReference; fileEncoding = 4; lastKnownFileType = sourcecode.c.h; path = QNDownloadTask.h; sourceTree = "<group>"; };
		BAF8E9201BD4DEAE00F63299 /* QNDownloadTask.m */ = {isa = PBXFileReference; fileEncoding = 4; lastKnownFileType = sourcecode.c.objc; path = QNDownloadTask.m; sourceTree = "<group>"; };
		BAF8E9211BD4DEAE00F63299 /* QNStats.h */ = {isa = PBXFileReference; fileEncoding = 4; lastKnownFileType = sourcecode.c.h; path = QNStats.h; sourceTree = "<group>"; };
		BAF8E9221BD4DEAE00F63299 /* QNDownloadManager.h */ = {isa = PBXFileReference; fileEncoding = 4; lastKnownFileType = sourcecode.c.h; path = QNDownloadManager.h; sourceTree = "<group>"; };
		BAF8E9231BD4DEAE00F63299 /* QNStats.m */ = {isa = PBXFileReference; fileEncoding = 4; lastKnownFileType = sourcecode.c.objc; path = QNStats.m; sourceTree = "<group>"; };
		BAF8E9241BD4DEAE00F63299 /* QNConfig.h */ = {isa = PBXFileReference; fileEncoding = 4; lastKnownFileType = sourcecode.c.h; path = QNConfig.h; sourceTree = "<group>"; };
		BAF8E9251BD4DEAE00F63299 /* QNConfig.m */ = {isa = PBXFileReference; fileEncoding = 4; lastKnownFileType = sourcecode.c.objc; path = QNConfig.m; sourceTree = "<group>"; };
		BAF8E9261BD4DEAE00F63299 /* QNDownloadManager.m */ = {isa = PBXFileReference; fileEncoding = 4; lastKnownFileType = sourcecode.c.objc; path = QNDownloadManager.m; sourceTree = "<group>"; };
		D135E3E5DD9954EAA1E63532 /* Pods-QiniuDownloadSDK-OSXTests.debug.xcconfig */ = {isa = PBXFileReference; includeInIndex = 1; lastKnownFileType = text.xcconfig; name = "Pods-QiniuDownloadSDK-OSXTests.debug.xcconfig"; path = "Pods/Target Support Files/Pods-QiniuDownloadSDK-OSXTests/Pods-QiniuDownloadSDK-OSXTests.debug.xcconfig"; sourceTree = "<group>"; };
		E3820CA9BBF98C2B8EBFC3E4 /* Pods-QiniuDownloadSDK-OSX.debug.xcconfig */ = {isa = PBXFileReference; includeInIndex = 1; lastKnownFileType = text.xcconfig; name = "Pods-QiniuDownloadSDK-OSX.debug.xcconfig"; path = "Pods/Target Support Files/Pods-QiniuDownloadSDK-OSX/Pods-QiniuDownloadSDK-OSX.debug.xcconfig"; sourceTree = "<group>"; };
		ECB2046E96438B5541F6369C /* libPods-QiniuDownloadSDKTests.a */ = {isa = PBXFileReference; explicitFileType = archive.ar; includeInIndex = 0; path = "libPods-QiniuDownloadSDKTests.a"; sourceTree = BUILT_PRODUCTS_DIR; };
		F8557EDA611A5FEC44A1EEFD /* libPods-QiniuDownloadSDK-OSXTests.a */ = {isa = PBXFileReference; explicitFileType = archive.ar; includeInIndex = 0; path = "libPods-QiniuDownloadSDK-OSXTests.a"; sourceTree = BUILT_PRODUCTS_DIR; };
/* End PBXFileReference section */

/* Begin PBXFrameworksBuildPhase section */
		BAF8E8DF1BD4DD9A00F63299 /* Frameworks */ = {
			isa = PBXFrameworksBuildPhase;
			buildActionMask = 2147483647;
			files = (
				BF187DC55647EFFB6FDA1567 /* libPods-QiniuDownloadSDK.a in Frameworks */,
			);
			runOnlyForDeploymentPostprocessing = 0;
		};
		BAF8E8EF1BD4DDE400F63299 /* Frameworks */ = {
			isa = PBXFrameworksBuildPhase;
			buildActionMask = 2147483647;
			files = (
				BAF8E8F71BD4DDE400F63299 /* libQiniuDownloadSDK.a in Frameworks */,
				3A19A70838DDE115FFA5E8A1 /* libPods-QiniuDownloadSDKTests.a in Frameworks */,
			);
			runOnlyForDeploymentPostprocessing = 0;
		};
		BAF8E8FE1BD4DE0C00F63299 /* Frameworks */ = {
			isa = PBXFrameworksBuildPhase;
			buildActionMask = 2147483647;
			files = (
				2F3278C99D76E738AC08D381 /* libPods-QiniuDownloadSDK-OSX.a in Frameworks */,
			);
			runOnlyForDeploymentPostprocessing = 0;
		};
		BAF8E90B1BD4DE2000F63299 /* Frameworks */ = {
			isa = PBXFrameworksBuildPhase;
			buildActionMask = 2147483647;
			files = (
				BAF8E9131BD4DE2000F63299 /* libQiniuDownloadSDK-OSX.dylib in Frameworks */,
				9B57FA16F218392BF7EFA0FE /* libPods-QiniuDownloadSDK-OSXTests.a in Frameworks */,
			);
			runOnlyForDeploymentPostprocessing = 0;
		};
/* End PBXFrameworksBuildPhase section */

/* Begin PBXGroup section */
		3FD1F6660EEB0B887F759377 /* Pods */ = {
			isa = PBXGroup;
			children = (
				06A65219A9113B4A57F53083 /* Pods-QiniuDownloadSDK.debug.xcconfig */,
				935913027F332B0DD9FD7B3B /* Pods-QiniuDownloadSDK.release.xcconfig */,
				E3820CA9BBF98C2B8EBFC3E4 /* Pods-QiniuDownloadSDK-OSX.debug.xcconfig */,
				7E9494AD1FB8EC51AB1E4850 /* Pods-QiniuDownloadSDK-OSX.release.xcconfig */,
				D135E3E5DD9954EAA1E63532 /* Pods-QiniuDownloadSDK-OSXTests.debug.xcconfig */,
				8EB66AD9CD931F49EBD4563D /* Pods-QiniuDownloadSDK-OSXTests.release.xcconfig */,
				9DEFC1D5C1C7AEB01EE66310 /* Pods-QiniuDownloadSDKTests.debug.xcconfig */,
				607448C099777063F81EE418 /* Pods-QiniuDownloadSDKTests.release.xcconfig */,
			);
			name = Pods;
			sourceTree = "<group>";
		};
		BAF8E8D91BD4DD9A00F63299 = {
			isa = PBXGroup;
			children = (
				BAF8E8E41BD4DD9A00F63299 /* QiniuDownloadSDK */,
				BAF8E8F31BD4DDE400F63299 /* QiniuDownloadSDKTests */,
				BAF8E8E31BD4DD9A00F63299 /* Products */,
				3FD1F6660EEB0B887F759377 /* Pods */,
				E2DECB12AE76EBD93DDE58B6 /* Frameworks */,
			);
			sourceTree = "<group>";
		};
		BAF8E8E31BD4DD9A00F63299 /* Products */ = {
			isa = PBXGroup;
			children = (
				BAF8E8E21BD4DD9A00F63299 /* libQiniuDownloadSDK.a */,
				BAF8E8F21BD4DDE400F63299 /* QiniuDownloadSDKTests.xctest */,
				BAF8E9011BD4DE0C00F63299 /* libQiniuDownloadSDK-OSX.dylib */,
				BAF8E90E1BD4DE2000F63299 /* QiniuDownloadSDK-OSXTests.xctest */,
			);
			name = Products;
			sourceTree = "<group>";
		};
		BAF8E8E41BD4DD9A00F63299 /* QiniuDownloadSDK */ = {
			isa = PBXGroup;
			children = (
				BAF8E91D1BD4DEAE00F63299 /* QNAsyncRun.h */,
				BAF8E91E1BD4DEAE00F63299 /* QNAsyncRun.m */,
				BAF8E91F1BD4DEAE00F63299 /* QNDownloadTask.h */,
				BAF8E9201BD4DEAE00F63299 /* QNDownloadTask.m */,
				BAF8E9211BD4DEAE00F63299 /* QNStats.h */,
				BAF8E9221BD4DEAE00F63299 /* QNDownloadManager.h */,
				BAF8E9231BD4DEAE00F63299 /* QNStats.m */,
				BAF8E9241BD4DEAE00F63299 /* QNConfig.h */,
				BAF8E9251BD4DEAE00F63299 /* QNConfig.m */,
				BAF8E9261BD4DEAE00F63299 /* QNDownloadManager.m */,
			);
			path = QiniuDownloadSDK;
			sourceTree = "<group>";
		};
		BAF8E8F31BD4DDE400F63299 /* QiniuDownloadSDKTests */ = {
			isa = PBXGroup;
			children = (
				BAF8E8F41BD4DDE400F63299 /* QiniuDownloadSDKTests.m */,
				BAF8E8F61BD4DDE400F63299 /* Info.plist */,
			);
			path = QiniuDownloadSDKTests;
			sourceTree = "<group>";
		};
		E2DECB12AE76EBD93DDE58B6 /* Frameworks */ = {
			isa = PBXGroup;
			children = (
				3EAC2585A983350749BF0F2C /* libPods-QiniuDownloadSDK.a */,
				5C90540F10FE1A810EA5A737 /* libPods-QiniuDownloadSDK-OSX.a */,
				F8557EDA611A5FEC44A1EEFD /* libPods-QiniuDownloadSDK-OSXTests.a */,
				ECB2046E96438B5541F6369C /* libPods-QiniuDownloadSDKTests.a */,
			);
			name = Frameworks;
			sourceTree = "<group>";
		};
/* End PBXGroup section */

/* Begin PBXHeadersBuildPhase section */
		BAF8E8FF1BD4DE0C00F63299 /* Headers */ = {
			isa = PBXHeadersBuildPhase;
			buildActionMask = 2147483647;
			files = (
				BAF8E92A1BD4DEAE00F63299 /* QNDownloadTask.h in Headers */,
				BAF8E9271BD4DEAE00F63299 /* QNAsyncRun.h in Headers */,
				BAF8E9311BD4DEAE00F63299 /* QNConfig.h in Headers */,
				BAF8E92D1BD4DEAE00F63299 /* QNStats.h in Headers */,
				BAF8E92E1BD4DEAE00F63299 /* QNDownloadManager.h in Headers */,
			);
			runOnlyForDeploymentPostprocessing = 0;
		};
/* End PBXHeadersBuildPhase section */

/* Begin PBXNativeTarget section */
		BAF8E8E11BD4DD9A00F63299 /* QiniuDownloadSDK */ = {
			isa = PBXNativeTarget;
			buildConfigurationList = BAF8E8EB1BD4DD9A00F63299 /* Build configuration list for PBXNativeTarget "QiniuDownloadSDK" */;
			buildPhases = (
				D2B09EF2EC2600AD28195209 /* Check Pods Manifest.lock */,
				BAF8E8DE1BD4DD9A00F63299 /* Sources */,
				BAF8E8DF1BD4DD9A00F63299 /* Frameworks */,
				BAF8E8E01BD4DD9A00F63299 /* CopyFiles */,
				D7232A54DD68A6EFCD2F904F /* Copy Pods Resources */,
			);
			buildRules = (
			);
			dependencies = (
			);
			name = QiniuDownloadSDK;
			productName = QiniuDownloadSDK;
			productReference = BAF8E8E21BD4DD9A00F63299 /* libQiniuDownloadSDK.a */;
			productType = "com.apple.product-type.library.static";
		};
		BAF8E8F11BD4DDE400F63299 /* QiniuDownloadSDKTests */ = {
			isa = PBXNativeTarget;
			buildConfigurationList = BAF8E8FA1BD4DDE400F63299 /* Build configuration list for PBXNativeTarget "QiniuDownloadSDKTests" */;
			buildPhases = (
				9D7E238A5A40B36A4A00183E /* Check Pods Manifest.lock */,
				BAF8E8EE1BD4DDE400F63299 /* Sources */,
				BAF8E8EF1BD4DDE400F63299 /* Frameworks */,
				BAF8E8F01BD4DDE400F63299 /* Resources */,
				5A441EE81426036C826A3682 /* Copy Pods Resources */,
			);
			buildRules = (
			);
			dependencies = (
				BAF8E8F91BD4DDE400F63299 /* PBXTargetDependency */,
			);
			name = QiniuDownloadSDKTests;
			productName = QiniuDownloadSDKTests;
			productReference = BAF8E8F21BD4DDE400F63299 /* QiniuDownloadSDKTests.xctest */;
			productType = "com.apple.product-type.bundle.unit-test";
		};
		BAF8E9001BD4DE0C00F63299 /* QiniuDownloadSDK-OSX */ = {
			isa = PBXNativeTarget;
			buildConfigurationList = BAF8E9071BD4DE0C00F63299 /* Build configuration list for PBXNativeTarget "QiniuDownloadSDK-OSX" */;
			buildPhases = (
				8F7027596E0E70DF2D71BD4E /* Check Pods Manifest.lock */,
				BAF8E8FD1BD4DE0C00F63299 /* Sources */,
				BAF8E8FE1BD4DE0C00F63299 /* Frameworks */,
				BAF8E8FF1BD4DE0C00F63299 /* Headers */,
				4998A2507DB628D9986BA759 /* Copy Pods Resources */,
			);
			buildRules = (
			);
			dependencies = (
			);
			name = "QiniuDownloadSDK-OSX";
			productName = "QiniuDownloadSDK-OSX";
			productReference = BAF8E9011BD4DE0C00F63299 /* libQiniuDownloadSDK-OSX.dylib */;
			productType = "com.apple.product-type.library.dynamic";
		};
		BAF8E90D1BD4DE2000F63299 /* QiniuDownloadSDK-OSXTests */ = {
			isa = PBXNativeTarget;
			buildConfigurationList = BAF8E9161BD4DE2000F63299 /* Build configuration list for PBXNativeTarget "QiniuDownloadSDK-OSXTests" */;
			buildPhases = (
				3F32DE230A35CC3B46440AD1 /* Check Pods Manifest.lock */,
				BAF8E90A1BD4DE2000F63299 /* Sources */,
				BAF8E90B1BD4DE2000F63299 /* Frameworks */,
				BAF8E90C1BD4DE2000F63299 /* Resources */,
				1066009CFCD3354573690856 /* Copy Pods Resources */,
			);
			buildRules = (
			);
			dependencies = (
				BAF8E9151BD4DE2000F63299 /* PBXTargetDependency */,
			);
			name = "QiniuDownloadSDK-OSXTests";
			productName = "QiniuDownloadSDK-OSXTests";
			productReference = BAF8E90E1BD4DE2000F63299 /* QiniuDownloadSDK-OSXTests.xctest */;
			productType = "com.apple.product-type.bundle.unit-test";
		};
/* End PBXNativeTarget section */

/* Begin PBXProject section */
		BAF8E8DA1BD4DD9A00F63299 /* Project object */ = {
			isa = PBXProject;
			attributes = {
				LastUpgradeCheck = 0700;
				ORGANIZATIONNAME = Qiniu;
				TargetAttributes = {
					BAF8E8E11BD4DD9A00F63299 = {
						CreatedOnToolsVersion = 7.0.1;
					};
					BAF8E8F11BD4DDE400F63299 = {
						CreatedOnToolsVersion = 7.0.1;
					};
					BAF8E9001BD4DE0C00F63299 = {
						CreatedOnToolsVersion = 7.0.1;
					};
					BAF8E90D1BD4DE2000F63299 = {
						CreatedOnToolsVersion = 7.0.1;
					};
				};
			};
			buildConfigurationList = BAF8E8DD1BD4DD9A00F63299 /* Build configuration list for PBXProject "QiniuDownloadSDK" */;
			compatibilityVersion = "Xcode 3.2";
			developmentRegion = English;
			hasScannedForEncodings = 0;
			knownRegions = (
				en,
			);
			mainGroup = BAF8E8D91BD4DD9A00F63299;
			productRefGroup = BAF8E8E31BD4DD9A00F63299 /* Products */;
			projectDirPath = "";
			projectRoot = "";
			targets = (
				BAF8E8E11BD4DD9A00F63299 /* QiniuDownloadSDK */,
				BAF8E8F11BD4DDE400F63299 /* QiniuDownloadSDKTests */,
				BAF8E9001BD4DE0C00F63299 /* QiniuDownloadSDK-OSX */,
				BAF8E90D1BD4DE2000F63299 /* QiniuDownloadSDK-OSXTests */,
			);
		};
/* End PBXProject section */

/* Begin PBXResourcesBuildPhase section */
		BAF8E8F01BD4DDE400F63299 /* Resources */ = {
			isa = PBXResourcesBuildPhase;
			buildActionMask = 2147483647;
			files = (
			);
			runOnlyForDeploymentPostprocessing = 0;
		};
		BAF8E90C1BD4DE2000F63299 /* Resources */ = {
			isa = PBXResourcesBuildPhase;
			buildActionMask = 2147483647;
			files = (
			);
			runOnlyForDeploymentPostprocessing = 0;
		};
/* End PBXResourcesBuildPhase section */

/* Begin PBXShellScriptBuildPhase section */
		1066009CFCD3354573690856 /* Copy Pods Resources */ = {
			isa = PBXShellScriptBuildPhase;
			buildActionMask = 2147483647;
			files = (
			);
			inputPaths = (
			);
			name = "Copy Pods Resources";
			outputPaths = (
			);
			runOnlyForDeploymentPostprocessing = 0;
			shellPath = /bin/sh;
			shellScript = "\"${SRCROOT}/Pods/Target Support Files/Pods-QiniuDownloadSDK-OSXTests/Pods-QiniuDownloadSDK-OSXTests-resources.sh\"\n";
			showEnvVarsInLog = 0;
		};
		3F32DE230A35CC3B46440AD1 /* Check Pods Manifest.lock */ = {
			isa = PBXShellScriptBuildPhase;
			buildActionMask = 2147483647;
			files = (
			);
			inputPaths = (
			);
			name = "Check Pods Manifest.lock";
			outputPaths = (
			);
			runOnlyForDeploymentPostprocessing = 0;
			shellPath = /bin/sh;
			shellScript = "diff \"${PODS_ROOT}/../Podfile.lock\" \"${PODS_ROOT}/Manifest.lock\" > /dev/null\nif [[ $? != 0 ]] ; then\n    cat << EOM\nerror: The sandbox is not in sync with the Podfile.lock. Run 'pod install' or update your CocoaPods installation.\nEOM\n    exit 1\nfi\n";
			showEnvVarsInLog = 0;
		};
		4998A2507DB628D9986BA759 /* Copy Pods Resources */ = {
			isa = PBXShellScriptBuildPhase;
			buildActionMask = 2147483647;
			files = (
			);
			inputPaths = (
			);
			name = "Copy Pods Resources";
			outputPaths = (
			);
			runOnlyForDeploymentPostprocessing = 0;
			shellPath = /bin/sh;
			shellScript = "\"${SRCROOT}/Pods/Target Support Files/Pods-QiniuDownloadSDK-OSX/Pods-QiniuDownloadSDK-OSX-resources.sh\"\n";
			showEnvVarsInLog = 0;
		};
		5A441EE81426036C826A3682 /* Copy Pods Resources */ = {
			isa = PBXShellScriptBuildPhase;
			buildActionMask = 2147483647;
			files = (
			);
			inputPaths = (
			);
			name = "Copy Pods Resources";
			outputPaths = (
			);
			runOnlyForDeploymentPostprocessing = 0;
			shellPath = /bin/sh;
			shellScript = "\"${SRCROOT}/Pods/Target Support Files/Pods-QiniuDownloadSDKTests/Pods-QiniuDownloadSDKTests-resources.sh\"\n";
			showEnvVarsInLog = 0;
		};
		8F7027596E0E70DF2D71BD4E /* Check Pods Manifest.lock */ = {
			isa = PBXShellScriptBuildPhase;
			buildActionMask = 2147483647;
			files = (
			);
			inputPaths = (
			);
			name = "Check Pods Manifest.lock";
			outputPaths = (
			);
			runOnlyForDeploymentPostprocessing = 0;
			shellPath = /bin/sh;
			shellScript = "diff \"${PODS_ROOT}/../Podfile.lock\" \"${PODS_ROOT}/Manifest.lock\" > /dev/null\nif [[ $? != 0 ]] ; then\n    cat << EOM\nerror: The sandbox is not in sync with the Podfile.lock. Run 'pod install' or update your CocoaPods installation.\nEOM\n    exit 1\nfi\n";
			showEnvVarsInLog = 0;
		};
		9D7E238A5A40B36A4A00183E /* Check Pods Manifest.lock */ = {
			isa = PBXShellScriptBuildPhase;
			buildActionMask = 2147483647;
			files = (
			);
			inputPaths = (
			);
			name = "Check Pods Manifest.lock";
			outputPaths = (
			);
			runOnlyForDeploymentPostprocessing = 0;
			shellPath = /bin/sh;
			shellScript = "diff \"${PODS_ROOT}/../Podfile.lock\" \"${PODS_ROOT}/Manifest.lock\" > /dev/null\nif [[ $? != 0 ]] ; then\n    cat << EOM\nerror: The sandbox is not in sync with the Podfile.lock. Run 'pod install' or update your CocoaPods installation.\nEOM\n    exit 1\nfi\n";
			showEnvVarsInLog = 0;
		};
		D2B09EF2EC2600AD28195209 /* Check Pods Manifest.lock */ = {
			isa = PBXShellScriptBuildPhase;
			buildActionMask = 2147483647;
			files = (
			);
			inputPaths = (
			);
			name = "Check Pods Manifest.lock";
			outputPaths = (
			);
			runOnlyForDeploymentPostprocessing = 0;
			shellPath = /bin/sh;
			shellScript = "diff \"${PODS_ROOT}/../Podfile.lock\" \"${PODS_ROOT}/Manifest.lock\" > /dev/null\nif [[ $? != 0 ]] ; then\n    cat << EOM\nerror: The sandbox is not in sync with the Podfile.lock. Run 'pod install' or update your CocoaPods installation.\nEOM\n    exit 1\nfi\n";
			showEnvVarsInLog = 0;
		};
		D7232A54DD68A6EFCD2F904F /* Copy Pods Resources */ = {
			isa = PBXShellScriptBuildPhase;
			buildActionMask = 2147483647;
			files = (
			);
			inputPaths = (
			);
			name = "Copy Pods Resources";
			outputPaths = (
			);
			runOnlyForDeploymentPostprocessing = 0;
			shellPath = /bin/sh;
			shellScript = "\"${SRCROOT}/Pods/Target Support Files/Pods-QiniuDownloadSDK/Pods-QiniuDownloadSDK-resources.sh\"\n";
			showEnvVarsInLog = 0;
		};
/* End PBXShellScriptBuildPhase section */

/* Begin PBXSourcesBuildPhase section */
		BAF8E8DE1BD4DD9A00F63299 /* Sources */ = {
			isa = PBXSourcesBuildPhase;
			buildActionMask = 2147483647;
			files = (
				BAF8E92F1BD4DEAE00F63299 /* QNStats.m in Sources */,
				BAF8E9281BD4DEAE00F63299 /* QNAsyncRun.m in Sources */,
				BAF8E9341BD4DEAE00F63299 /* QNDownloadManager.m in Sources */,
				BAF8E9321BD4DEAE00F63299 /* QNConfig.m in Sources */,
				BAF8E92B1BD4DEAE00F63299 /* QNDownloadTask.m in Sources */,
			);
			runOnlyForDeploymentPostprocessing = 0;
		};
		BAF8E8EE1BD4DDE400F63299 /* Sources */ = {
			isa = PBXSourcesBuildPhase;
			buildActionMask = 2147483647;
			files = (
				BAF8E8F51BD4DDE400F63299 /* QiniuDownloadSDKTests.m in Sources */,
			);
			runOnlyForDeploymentPostprocessing = 0;
		};
		BAF8E8FD1BD4DE0C00F63299 /* Sources */ = {
			isa = PBXSourcesBuildPhase;
			buildActionMask = 2147483647;
			files = (
				BAF8E9291BD4DEAE00F63299 /* QNAsyncRun.m in Sources */,
				BAF8E9351BD4DEAE00F63299 /* QNDownloadManager.m in Sources */,
				BAF8E92C1BD4DEAE00F63299 /* QNDownloadTask.m in Sources */,
				BAF8E9331BD4DEAE00F63299 /* QNConfig.m in Sources */,
				BAF8E9301BD4DEAE00F63299 /* QNStats.m in Sources */,
			);
			runOnlyForDeploymentPostprocessing = 0;
		};
		BAF8E90A1BD4DE2000F63299 /* Sources */ = {
			isa = PBXSourcesBuildPhase;
			buildActionMask = 2147483647;
			files = (
				BAD6BEED1BD4EC5600370C48 /* QiniuDownloadSDKTests.m in Sources */,
			);
			runOnlyForDeploymentPostprocessing = 0;
		};
/* End PBXSourcesBuildPhase section */

/* Begin PBXTargetDependency section */
		BAF8E8F91BD4DDE400F63299 /* PBXTargetDependency */ = {
			isa = PBXTargetDependency;
			target = BAF8E8E11BD4DD9A00F63299 /* QiniuDownloadSDK */;
			targetProxy = BAF8E8F81BD4DDE400F63299 /* PBXContainerItemProxy */;
		};
		BAF8E9151BD4DE2000F63299 /* PBXTargetDependency */ = {
			isa = PBXTargetDependency;
			target = BAF8E9001BD4DE0C00F63299 /* QiniuDownloadSDK-OSX */;
			targetProxy = BAF8E9141BD4DE2000F63299 /* PBXContainerItemProxy */;
		};
/* End PBXTargetDependency section */

/* Begin XCBuildConfiguration section */
		BAF8E8E91BD4DD9A00F63299 /* Debug */ = {
			isa = XCBuildConfiguration;
			buildSettings = {
				ALWAYS_SEARCH_USER_PATHS = NO;
				CLANG_CXX_LANGUAGE_STANDARD = "gnu++0x";
				CLANG_CXX_LIBRARY = "libc++";
				CLANG_ENABLE_MODULES = YES;
				CLANG_ENABLE_OBJC_ARC = YES;
				CLANG_WARN_BOOL_CONVERSION = YES;
				CLANG_WARN_CONSTANT_CONVERSION = YES;
				CLANG_WARN_DIRECT_OBJC_ISA_USAGE = YES_ERROR;
				CLANG_WARN_EMPTY_BODY = YES;
				CLANG_WARN_ENUM_CONVERSION = YES;
				CLANG_WARN_INT_CONVERSION = YES;
				CLANG_WARN_OBJC_ROOT_CLASS = YES_ERROR;
				CLANG_WARN_UNREACHABLE_CODE = YES;
				CLANG_WARN__DUPLICATE_METHOD_MATCH = YES;
				COPY_PHASE_STRIP = NO;
				DEBUG_INFORMATION_FORMAT = dwarf;
				ENABLE_STRICT_OBJC_MSGSEND = YES;
				ENABLE_TESTABILITY = YES;
				GCC_C_LANGUAGE_STANDARD = gnu99;
				GCC_DYNAMIC_NO_PIC = NO;
				GCC_NO_COMMON_BLOCKS = YES;
				GCC_OPTIMIZATION_LEVEL = 0;
				GCC_PREPROCESSOR_DEFINITIONS = (
					"DEBUG=1",
					"$(inherited)",
				);
				GCC_WARN_64_TO_32_BIT_CONVERSION = YES;
				GCC_WARN_ABOUT_RETURN_TYPE = YES_ERROR;
				GCC_WARN_UNDECLARED_SELECTOR = YES;
				GCC_WARN_UNINITIALIZED_AUTOS = YES_AGGRESSIVE;
				GCC_WARN_UNUSED_FUNCTION = YES;
				GCC_WARN_UNUSED_VARIABLE = YES;
				IPHONEOS_DEPLOYMENT_TARGET = 9.0;
				MTL_ENABLE_DEBUG_INFO = YES;
				ONLY_ACTIVE_ARCH = YES;
				SDKROOT = iphoneos;
			};
			name = Debug;
		};
		BAF8E8EA1BD4DD9A00F63299 /* Release */ = {
			isa = XCBuildConfiguration;
			buildSettings = {
				ALWAYS_SEARCH_USER_PATHS = NO;
				CLANG_CXX_LANGUAGE_STANDARD = "gnu++0x";
				CLANG_CXX_LIBRARY = "libc++";
				CLANG_ENABLE_MODULES = YES;
				CLANG_ENABLE_OBJC_ARC = YES;
				CLANG_WARN_BOOL_CONVERSION = YES;
				CLANG_WARN_CONSTANT_CONVERSION = YES;
				CLANG_WARN_DIRECT_OBJC_ISA_USAGE = YES_ERROR;
				CLANG_WARN_EMPTY_BODY = YES;
				CLANG_WARN_ENUM_CONVERSION = YES;
				CLANG_WARN_INT_CONVERSION = YES;
				CLANG_WARN_OBJC_ROOT_CLASS = YES_ERROR;
				CLANG_WARN_UNREACHABLE_CODE = YES;
				CLANG_WARN__DUPLICATE_METHOD_MATCH = YES;
				COPY_PHASE_STRIP = NO;
				DEBUG_INFORMATION_FORMAT = "dwarf-with-dsym";
				ENABLE_NS_ASSERTIONS = NO;
				ENABLE_STRICT_OBJC_MSGSEND = YES;
				GCC_C_LANGUAGE_STANDARD = gnu99;
				GCC_NO_COMMON_BLOCKS = YES;
				GCC_WARN_64_TO_32_BIT_CONVERSION = YES;
				GCC_WARN_ABOUT_RETURN_TYPE = YES_ERROR;
				GCC_WARN_UNDECLARED_SELECTOR = YES;
				GCC_WARN_UNINITIALIZED_AUTOS = YES_AGGRESSIVE;
				GCC_WARN_UNUSED_FUNCTION = YES;
				GCC_WARN_UNUSED_VARIABLE = YES;
				IPHONEOS_DEPLOYMENT_TARGET = 9.0;
				MTL_ENABLE_DEBUG_INFO = NO;
				SDKROOT = iphoneos;
				VALIDATE_PRODUCT = YES;
			};
			name = Release;
		};
		BAF8E8EC1BD4DD9A00F63299 /* Debug */ = {
			isa = XCBuildConfiguration;
			baseConfigurationReference = 06A65219A9113B4A57F53083 /* Pods-QiniuDownloadSDK.debug.xcconfig */;
			buildSettings = {
				OTHER_LDFLAGS = "-ObjC";
				PRODUCT_NAME = "$(TARGET_NAME)";
				SKIP_INSTALL = YES;
			};
			name = Debug;
		};
		BAF8E8ED1BD4DD9A00F63299 /* Release */ = {
			isa = XCBuildConfiguration;
			baseConfigurationReference = 935913027F332B0DD9FD7B3B /* Pods-QiniuDownloadSDK.release.xcconfig */;
			buildSettings = {
				OTHER_LDFLAGS = "-ObjC";
				PRODUCT_NAME = "$(TARGET_NAME)";
				SKIP_INSTALL = YES;
			};
			name = Release;
		};
		BAF8E8FB1BD4DDE400F63299 /* Debug */ = {
			isa = XCBuildConfiguration;
			baseConfigurationReference = 9DEFC1D5C1C7AEB01EE66310 /* Pods-QiniuDownloadSDKTests.debug.xcconfig */;
			buildSettings = {
				INFOPLIST_FILE = QiniuDownloadSDKTests/Info.plist;
				LD_RUNPATH_SEARCH_PATHS = "$(inherited) @executable_path/Frameworks @loader_path/Frameworks";
				PRODUCT_BUNDLE_IDENTIFIER = Qiniu.QiniuDownloadSDKTests;
				PRODUCT_NAME = "$(TARGET_NAME)";
			};
			name = Debug;
		};
		BAF8E8FC1BD4DDE400F63299 /* Release */ = {
			isa = XCBuildConfiguration;
			baseConfigurationReference = 607448C099777063F81EE418 /* Pods-QiniuDownloadSDKTests.release.xcconfig */;
			buildSettings = {
				INFOPLIST_FILE = QiniuDownloadSDKTests/Info.plist;
				LD_RUNPATH_SEARCH_PATHS = "$(inherited) @executable_path/Frameworks @loader_path/Frameworks";
				PRODUCT_BUNDLE_IDENTIFIER = Qiniu.QiniuDownloadSDKTests;
				PRODUCT_NAME = "$(TARGET_NAME)";
			};
			name = Release;
		};
		BAF8E9081BD4DE0C00F63299 /* Debug */ = {
			isa = XCBuildConfiguration;
			baseConfigurationReference = E3820CA9BBF98C2B8EBFC3E4 /* Pods-QiniuDownloadSDK-OSX.debug.xcconfig */;
			buildSettings = {
				DYLIB_COMPATIBILITY_VERSION = 1;
				DYLIB_CURRENT_VERSION = 1;
				EXECUTABLE_PREFIX = lib;
				MACOSX_DEPLOYMENT_TARGET = 10.10;
				PRODUCT_NAME = "$(TARGET_NAME)";
				SDKROOT = macosx;
			};
			name = Debug;
		};
		BAF8E9091BD4DE0C00F63299 /* Release */ = {
			isa = XCBuildConfiguration;
			baseConfigurationReference = 7E9494AD1FB8EC51AB1E4850 /* Pods-QiniuDownloadSDK-OSX.release.xcconfig */;
			buildSettings = {
				DYLIB_COMPATIBILITY_VERSION = 1;
				DYLIB_CURRENT_VERSION = 1;
				EXECUTABLE_PREFIX = lib;
				MACOSX_DEPLOYMENT_TARGET = 10.10;
				PRODUCT_NAME = "$(TARGET_NAME)";
				SDKROOT = macosx;
			};
			name = Release;
		};
		BAF8E9171BD4DE2000F63299 /* Debug */ = {
			isa = XCBuildConfiguration;
			baseConfigurationReference = D135E3E5DD9954EAA1E63532 /* Pods-QiniuDownloadSDK-OSXTests.debug.xcconfig */;
			buildSettings = {
				COMBINE_HIDPI_IMAGES = YES;
				INFOPLIST_FILE = QiniuDownloadSDKTests/Info.plist;
				LD_RUNPATH_SEARCH_PATHS = "$(inherited) @executable_path/../Frameworks @loader_path/../Frameworks";
				MACOSX_DEPLOYMENT_TARGET = 10.10;
				PRODUCT_BUNDLE_IDENTIFIER = "Qiniu.QiniuDownloadSDK-OSXTests";
				PRODUCT_NAME = "$(TARGET_NAME)";
				SDKROOT = macosx;
			};
			name = Debug;
		};
		BAF8E9181BD4DE2000F63299 /* Release */ = {
			isa = XCBuildConfiguration;
			baseConfigurationReference = 8EB66AD9CD931F49EBD4563D /* Pods-QiniuDownloadSDK-OSXTests.release.xcconfig */;
			buildSettings = {
				COMBINE_HIDPI_IMAGES = YES;
				INFOPLIST_FILE = QiniuDownloadSDKTests/Info.plist;
				LD_RUNPATH_SEARCH_PATHS = "$(inherited) @executable_path/../Frameworks @loader_path/../Frameworks";
				MACOSX_DEPLOYMENT_TARGET = 10.10;
				PRODUCT_BUNDLE_IDENTIFIER = "Qiniu.QiniuDownloadSDK-OSXTests";
				PRODUCT_NAME = "$(TARGET_NAME)";
				SDKROOT = macosx;
			};
			name = Release;
		};
/* End XCBuildConfiguration section */

/* Begin XCConfigurationList section */
		BAF8E8DD1BD4DD9A00F63299 /* Build configuration list for PBXProject "QiniuDownloadSDK" */ = {
			isa = XCConfigurationList;
			buildConfigurations = (
				BAF8E8E91BD4DD9A00F63299 /* Debug */,
				BAF8E8EA1BD4DD9A00F63299 /* Release */,
			);
			defaultConfigurationIsVisible = 0;
			defaultConfigurationName = Release;
		};
		BAF8E8EB1BD4DD9A00F63299 /* Build configuration list for PBXNativeTarget "QiniuDownloadSDK" */ = {
			isa = XCConfigurationList;
			buildConfigurations = (
				BAF8E8EC1BD4DD9A00F63299 /* Debug */,
				BAF8E8ED1BD4DD9A00F63299 /* Release */,
			);
			defaultConfigurationIsVisible = 0;
			defaultConfigurationName = Release;
		};
		BAF8E8FA1BD4DDE400F63299 /* Build configuration list for PBXNativeTarget "QiniuDownloadSDKTests" */ = {
			isa = XCConfigurationList;
			buildConfigurations = (
				BAF8E8FB1BD4DDE400F63299 /* Debug */,
				BAF8E8FC1BD4DDE400F63299 /* Release */,
			);
			defaultConfigurationIsVisible = 0;
			defaultConfigurationName = Release;
		};
		BAF8E9071BD4DE0C00F63299 /* Build configuration list for PBXNativeTarget "QiniuDownloadSDK-OSX" */ = {
			isa = XCConfigurationList;
			buildConfigurations = (
				BAF8E9081BD4DE0C00F63299 /* Debug */,
				BAF8E9091BD4DE0C00F63299 /* Release */,
			);
			defaultConfigurationIsVisible = 0;
			defaultConfigurationName = Release;
		};
		BAF8E9161BD4DE2000F63299 /* Build configuration list for PBXNativeTarget "QiniuDownloadSDK-OSXTests" */ = {
			isa = XCConfigurationList;
			buildConfigurations = (
				BAF8E9171BD4DE2000F63299 /* Debug */,
				BAF8E9181BD4DE2000F63299 /* Release */,
			);
			defaultConfigurationIsVisible = 0;
			defaultConfigurationName = Release;
		};
/* End XCConfigurationList section */
	};
	rootObject = BAF8E8DA1BD4DD9A00F63299 /* Project object */;
}
